lockVersion: 2.0.0
id: c1c6891a-974d-4485-9f9e-e0f3320259c6
management:
  docChecksum: b3ed3be30e8c6dc44af619ca68391671
  docVersion: 0.1.0
  speakeasyVersion: 1.526.0
  generationVersion: 2.563.0
  releaseVersion: 0.11.0
  configChecksum: 64b8eab0fd6dd6226f7bdab6c505890d
  repoURL: https://github.com/meibel-ai/meibelai-python.git
  installationURL: https://github.com/meibel-ai/meibelai-python.git
features:
  python:
    additionalDependencies: 1.0.0
    constsAndDefaults: 1.0.5
    core: 5.12.4
    defaultEnabledRetries: 0.2.0
    devContainers: 3.0.0
    enumUnions: 0.1.0
    envVarSecurityUsage: 0.3.2
    flatRequests: 1.0.1
    flattening: 3.1.1
    globalSecurity: 3.0.3
    globalSecurityCallbacks: 1.0.0
    globalSecurityFlattening: 1.0.0
    globalServerURLs: 3.1.0
    methodArguments: 1.0.2
    nameOverrides: 3.0.1
    nullables: 1.0.1
    responseFormat: 1.0.1
    retries: 3.0.2
    sdkHooks: 1.0.1
    serverEvents: 1.0.7
    serverEventsSentinels: 0.1.0
    unions: 3.0.4
generatedFiles:
  - .devcontainer/README.md
  - .devcontainer/devcontainer.json
  - .devcontainer/setup.sh
  - .gitattributes
  - .python-version
  - .vscode/settings.json
  - USAGE.md
  - docs/models/chatevent.md
  - docs/models/createdataelementrequest.md
  - docs/models/createstreamcompletionresponsebody.md
  - docs/models/data.md
  - docs/models/dataelementresponse.md
  - docs/models/dataelementtype.md
  - docs/models/datasourceresponse.md
  - docs/models/datasourcetype.md
  - docs/models/deletedataelementrequest.md
  - docs/models/getdataelementrequest.md
  - docs/models/getrequest.md
  - docs/models/heartbeatevent.md
  - docs/models/httpvalidationerror.md
  - docs/models/listdataelementsrequest.md
  - docs/models/listrequest.md
  - docs/models/loc.md
  - docs/models/metadata.md
  - docs/models/newdatasourcerequest.md
  - docs/models/newdatasourceresponse.md
  - docs/models/runchatrequest.md
  - docs/models/runchatstreamrequest.md
  - docs/models/runchatstreamresponsebody.md
  - docs/models/security.md
  - docs/models/updatedataelementrequest.md
  - docs/models/updatedatasourcerequest.md
  - docs/models/updaterequest.md
  - docs/models/uploaddataelementrequest.md
  - docs/models/utils/retryconfig.md
  - docs/models/validationerror.md
  - docs/sdks/completions/README.md
  - docs/sdks/dataelements/README.md
  - docs/sdks/datasources/README.md
  - docs/sdks/experiences/README.md
  - docs/sdks/meibelai/README.md
  - poetry.toml
  - py.typed
  - pylintrc
  - pyproject.toml
  - scripts/prepare_readme.py
  - scripts/publish.sh
  - src/meibelai/__init__.py
  - src/meibelai/_hooks/__init__.py
  - src/meibelai/_hooks/sdkhooks.py
  - src/meibelai/_hooks/types.py
  - src/meibelai/_version.py
  - src/meibelai/basesdk.py
  - src/meibelai/completions.py
  - src/meibelai/dataelements.py
  - src/meibelai/datasources.py
  - src/meibelai/experiences.py
  - src/meibelai/httpclient.py
  - src/meibelai/models/__init__.py
  - src/meibelai/models/apierror.py
  - src/meibelai/models/chatevent.py
  - src/meibelai/models/createdataelementop.py
  - src/meibelai/models/createstreamcompletionop.py
  - src/meibelai/models/dataelementresponse.py
  - src/meibelai/models/dataelementtype.py
  - src/meibelai/models/datasourceresponse.py
  - src/meibelai/models/datasourcetype.py
  - src/meibelai/models/deletedataelementop.py
  - src/meibelai/models/getdataelementop.py
  - src/meibelai/models/getop.py
  - src/meibelai/models/heartbeatevent.py
  - src/meibelai/models/httpvalidationerror.py
  - src/meibelai/models/listdataelementsop.py
  - src/meibelai/models/listop.py
  - src/meibelai/models/metadata.py
  - src/meibelai/models/newdatasourcerequest.py
  - src/meibelai/models/newdatasourceresponse.py
  - src/meibelai/models/run_chat_streamop.py
  - src/meibelai/models/run_chatop.py
  - src/meibelai/models/security.py
  - src/meibelai/models/updatedataelementop.py
  - src/meibelai/models/updatedatasourcerequest.py
  - src/meibelai/models/updateop.py
  - src/meibelai/models/uploaddataelementop.py
  - src/meibelai/models/validationerror.py
  - src/meibelai/py.typed
  - src/meibelai/sdk.py
  - src/meibelai/sdkconfiguration.py
  - src/meibelai/types/__init__.py
  - src/meibelai/types/basemodel.py
  - src/meibelai/utils/__init__.py
  - src/meibelai/utils/annotations.py
  - src/meibelai/utils/enums.py
  - src/meibelai/utils/eventstreaming.py
  - src/meibelai/utils/forms.py
  - src/meibelai/utils/headers.py
  - src/meibelai/utils/logger.py
  - src/meibelai/utils/metadata.py
  - src/meibelai/utils/queryparams.py
  - src/meibelai/utils/requestbodies.py
  - src/meibelai/utils/retries.py
  - src/meibelai/utils/security.py
  - src/meibelai/utils/serializers.py
  - src/meibelai/utils/url.py
  - src/meibelai/utils/values.py
examples:
  delete:
    speakeasy-default-delete:
      parameters:
        path:
          datasource_id: 545907
          dataelement_id: 698486
      responses:
        "200":
          application/json: "<value>"
        "422":
          application/json: {}
  upload:
    speakeasy-default-upload:
      parameters:
        path:
          datasource_id: 403654
      responses:
        "200":
          application/json: "<value>"
        "422":
          application/json: {}
  create_stream:
    speakeasy-default-create-stream:
      responses:
        "422":
          application/json: {}
        "200": {}
  get_experiences_experiences__get:
    speakeasy-default-get-experiences-experiences-get:
      responses:
        "200":
          application/json: "<value>"
        "422":
          application/json: {}
  run_chat:
    speakeasy-default-run-chat:
      parameters:
        path:
          experience_id: 695973
      responses:
        "200":
          application/json: "<value>"
        "422":
          application/json: {}
  run_chat_stream:
    speakeasy-default-run-chat-stream:
      parameters:
        path:
          experience_id: 271760
      responses:
        "422":
          application/json: {}
        "200": {}
  get_datasources_datasources__get:
    speakeasy-default-get-datasources-datasources-get:
      parameters:
        query:
          offset: 0
          limit: 10
      responses:
        "200":
          application/json: "<value>"
        "422":
          application/json: {}
  create_datasource_datasources__post:
    speakeasy-default-create-datasource-datasources-post:
      responses:
        "200":
          application/json: "<value>"
        "422":
          application/json: {}
  get_datasource_datasources__datasource_id__get:
    speakeasy-default-get-datasource-datasources-datasource-id-get:
      parameters:
        path:
          datasource_id: 567261
      responses:
        "200":
          application/json: "<value>"
        "422":
          application/json: {}
  update_datasource_datasources__datasource_id__put:
    speakeasy-default-update-datasource-datasources-datasource-id-put:
      parameters:
        path:
          datasource_id: 803371
      responses:
        "200":
          application/json: "<value>"
        "422":
          application/json: {}
  delete_datasource_datasources__datasource_id__delete:
    speakeasy-default-delete-datasource-datasources-datasource-id-delete:
      parameters:
        path:
          datasource_id: 205539
      responses:
        "200":
          application/json: "<value>"
        "422":
          application/json: {}
  get_dataelements_datasources__datasource_id__dataelements_get:
    speakeasy-default-get-dataelements-datasources-datasource-id-dataelements-get:
      parameters:
        path:
          datasource_id: 561700
        query:
          offset: 0
          limit: 10
      responses:
        "200":
          application/json: "<value>"
        "422":
          application/json: {}
  create_dataelement_datasources__datasource_id__dataelements_post:
    speakeasy-default-create-dataelement-datasources-datasource-id-dataelements-post:
      parameters:
        path:
          datasource_id: 529803
      responses:
        "200":
          application/json: "<value>"
        "422":
          application/json: {}
  get_dataelement_datasources__datasource_id__dataelements__dataelement_id__get:
    speakeasy-default-get-dataelement-datasources-datasource-id-dataelements-dataelement-id-get:
      parameters:
        path:
          datasource_id: 362960
          dataelement_id: 706157
      responses:
        "200":
          application/json: "<value>"
        "422":
          application/json: {}
  update_dataelement_datasources__datasource_id__dataelements__dataelement_id__put:
    speakeasy-default-update-dataelement-datasources-datasource-id-dataelements-dataelement-id-put:
      parameters:
        path:
          datasource_id: 384028
          dataelement_id: 277874
      responses:
        "200":
          application/json: "<value>"
        "422":
          application/json: {}
  delete_dataelement_datasources__datasource_id__dataelements__dataelement_id__delete:
    speakeasy-default-delete-dataelement-datasources-datasource-id-dataelements-dataelement-id-delete:
      parameters:
        path:
          datasource_id: 647715
          dataelement_id: 424652
      responses:
        "200":
          application/json: "<value>"
        "422":
          application/json: {}
  upload_dataelement_datasources__datasource_id__dataelements_upload_post:
    speakeasy-default-upload-dataelement-datasources-datasource-id-dataelements-upload-post:
      parameters:
        path:
          datasource_id: 716701
      responses:
        "200":
          application/json: "<value>"
        "422":
          application/json: {}
  create_completion_completions__post:
    speakeasy-default-create-completion-completions-post:
      responses:
        "200":
          application/json: "<value>"
        "422":
          application/json: {}
  stream_completion_completions_stream_post:
    speakeasy-default-stream-completion-completions-stream-post:
      responses:
        "422":
          application/json: {}
        "200": {}
  listDataelements:
    speakeasy-default-list-dataelements:
      parameters:
        path:
          datasource_id: 756811
        query:
          offset: 0
          limit: 10
      responses:
        "200":
          application/json: "<value>"
        "422":
          application/json: {}
  createDataelement:
    speakeasy-default-create-dataelement:
      parameters:
        path:
          datasource_id: 24820
      responses:
        "200":
          application/json: "<value>"
        "422":
          application/json: {}
  deleteDataelement:
    speakeasy-default-delete-dataelement:
      parameters:
        path:
          datasource_id: 647715
          dataelement_id: 424652
      responses:
        "200":
          application/json: "<value>"
        "422":
          application/json: {}
  uploadDataelement:
    speakeasy-default-upload-dataelement:
      parameters:
        path:
          datasource_id: 716701
      responses:
        "200":
          application/json: "<value>"
        "422":
          application/json: {}
  getDataelement:
    speakeasy-default-get-dataelement:
      parameters:
        path:
          datasource_id: 700347
          dataelement_id: 558834
      responses:
        "200":
          application/json: "<value>"
        "422":
          application/json: {}
  updateDataelement:
    speakeasy-default-update-dataelement:
      parameters:
        path:
          datasource_id: 857478
          dataelement_id: 597129
      responses:
        "200":
          application/json: "<value>"
        "422":
          application/json: {}
  createCompletion:
    speakeasy-default-create-completion:
      responses:
        "200":
          application/json: "<value>"
        "422":
          application/json: {}
  createStreamCompletion:
    speakeasy-default-create-stream-completion:
      responses:
        "422":
          application/json: {}
        "200": {}
  list:
    speakeasy-default-list:
      parameters:
        query:
          offset: 0
          limit: 10
      responses:
        "200":
          application/json: [{"created_at": "2021-08-01T12:00:00Z", "data_elements": [{"id": "de_xiTz3", "parent_id": "de_xiTz3", "is_container_element": "True", "datasource_id": "ds_xiTz3", "name": "My Data Element", "value": "Value", "type": "gzip", "description": "A data element", "processed": "True", "created_at": "2021-08-01T12:00:00Z", "updated_at": "2021-08-01T12:00:00Z", "metadata": {}}, {"id": "de_xiTz3", "parent_id": "de_xiTz3", "is_container_element": "True", "datasource_id": "ds_xiTz3", "name": "My Data Element", "value": "Value", "type": "pdf", "description": "A data element", "processed": "True", "created_at": "2021-08-01T12:00:00Z", "updated_at": "2021-08-01T12:00:00Z", "metadata": {}}], "description": "A datasource", "id": "ds_xiTz3", "metadata": {}, "name": "My Datasource", "type": "<value>", "updated_at": "1743083428885"}, {"created_at": "2021-08-01T12:00:00Z", "data_elements": [{"id": "de_xiTz3", "parent_id": "de_xiTz3", "is_container_element": "True", "datasource_id": "ds_xiTz3", "name": "My Data Element", "value": "Value", "type": "zip", "description": "A data element", "processed": "True", "created_at": "2021-08-01T12:00:00Z", "updated_at": "2021-08-01T12:00:00Z", "metadata": {}}, {"id": "de_xiTz3", "parent_id": "de_xiTz3", "is_container_element": "True", "datasource_id": "ds_xiTz3", "name": "My Data Element", "value": "Value", "type": "xlsx", "description": "A data element", "processed": "True", "created_at": "2021-08-01T12:00:00Z", "updated_at": "2021-08-01T12:00:00Z", "metadata": {}}], "description": "A datasource", "id": "ds_xiTz3", "metadata": {}, "name": "My Datasource", "type": "<value>", "updated_at": "1743020872484"}, {"created_at": "2021-08-01T12:00:00Z", "data_elements": [], "description": "A datasource", "id": "ds_xiTz3", "metadata": {}, "name": "My Datasource", "type": "<value>", "updated_at": "1743054441311"}]
        "422":
          application/json: {}
  create:
    speakeasy-default-create:
      requestBody:
        application/json: {"description": "A datasource", "name": "My Datasource", "type": "google-drive", "metadata": {}}
      responses:
        "200":
          application/json: {"id": "<id>"}
        "422":
          application/json: {}
  get:
    speakeasy-default-get:
      parameters:
        path:
          datasource_id: "<id>"
      responses:
        "200":
          application/json: {"created_at": "2021-08-01T12:00:00Z", "data_elements": [{"id": "de_xiTz3", "parent_id": "de_xiTz3", "is_container_element": "True", "datasource_id": "ds_xiTz3", "name": "My Data Element", "value": "Value", "type": "tar", "description": "A data element", "processed": "True", "created_at": "2021-08-01T12:00:00Z", "updated_at": "2021-08-01T12:00:00Z", "metadata": {}}, {"id": "de_xiTz3", "parent_id": "de_xiTz3", "is_container_element": "True", "datasource_id": "ds_xiTz3", "name": "My Data Element", "value": "Value", "type": "xlsx", "description": "A data element", "processed": "True", "created_at": "2021-08-01T12:00:00Z", "updated_at": "2021-08-01T12:00:00Z", "metadata": {}}], "description": "A datasource", "id": "ds_xiTz3", "metadata": {}, "name": "My Datasource", "type": "<value>", "updated_at": "1743055931711"}
        "422":
          application/json: {}
  update:
    speakeasy-default-update:
      parameters:
        path:
          datasource_id: "<id>"
      requestBody:
        application/json: {"description": "awful underneath retention too mobility char innocently dowse restfully", "name": "<value>", "type": "<value>", "metadata": {}}
      responses:
        "200":
          application/json: "<value>"
        "422":
          application/json: {}
examplesVersion: 1.0.0
generatedTests: {}
