speakeasyVersion: 1.753.0
sources:
    Meibel Gateway Service:
        sourceNamespace: meibel-gateway-service
        sourceRevisionDigest: sha256:3469630319b408daef8f7b7f9a7dd6f49586e22725892d3d717a87b2467d379e
        sourceBlobDigest: sha256:7f8bb27ed61578e56040df3f3be864af140612118a6646a1074f5d856c739c26
        tags:
            - latest
            - 0.6.1
targets:
    meibelai:
        source: Meibel Gateway Service
        sourceNamespace: meibel-gateway-service
        sourceRevisionDigest: sha256:3469630319b408daef8f7b7f9a7dd6f49586e22725892d3d717a87b2467d379e
        sourceBlobDigest: sha256:7f8bb27ed61578e56040df3f3be864af140612118a6646a1074f5d856c739c26
        codeSamplesNamespace: meibel-gateway-service-python-code-samples
        codeSamplesRevisionDigest: sha256:a4c57601b711ad48687d67f53cabda71ff1a63b13d6693bf9aafd1f212fcaf1e
workflow:
    workflowVersion: 1.0.0
    speakeasyVersion: latest
    sources:
        Meibel Gateway Service:
            inputs:
                - location: https://storage.googleapis.com/meibel-api-docs/api.json
            overlays:
                - location: .speakeasy/speakeasy-modifications-overlay.yaml
            registry:
                location: registry.speakeasyapi.dev/meibel/console/meibel-gateway-service
    targets:
        meibelai:
            target: python
            source: Meibel Gateway Service
            codeSamples:
                registry:
                    location: registry.speakeasyapi.dev/meibel/console/meibel-gateway-service-python-code-samples
                labelOverride:
                    fixedValue: Python (SDK)
                blocking: false
