speakeasyVersion: 1.603.1
sources:
    Meibel Gateway Service:
        sourceNamespace: meibel-gateway-service
        sourceRevisionDigest: sha256:c9e3ea0cf63f5fdc553bc9ee9a6d3b0d61bd205d3490ee167231451aac0350db
        sourceBlobDigest: sha256:6ff0dc647b9bb6368296a4b9b9f8f5867df8897415fccc8947def5e715c28a75
        tags:
            - latest
            - speakeasy-sdk-regen-1755103617
            - 0.1.0
targets:
    meibelai:
        source: Meibel Gateway Service
        sourceNamespace: meibel-gateway-service
        sourceRevisionDigest: sha256:c9e3ea0cf63f5fdc553bc9ee9a6d3b0d61bd205d3490ee167231451aac0350db
        sourceBlobDigest: sha256:6ff0dc647b9bb6368296a4b9b9f8f5867df8897415fccc8947def5e715c28a75
        codeSamplesNamespace: meibel-gateway-service-python-code-samples
        codeSamplesRevisionDigest: sha256:754245310c3daf77808662351cd5fea0b45157fedcc4a310ef363517978b476a
workflow:
    workflowVersion: 1.0.0
    speakeasyVersion: latest
    sources:
        Meibel Gateway Service:
            inputs:
                - location: https://storage.googleapis.com/meibel-api-docs/api.json
            overlays:
                - location: .speakeasy/speakeasy-modifications-overlay.yaml
            registry:
                location: registry.speakeasyapi.dev/meibel/console/meibel-gateway-service
    targets:
        meibelai:
            target: python
            source: Meibel Gateway Service
            codeSamples:
                registry:
                    location: registry.speakeasyapi.dev/meibel/console/meibel-gateway-service-python-code-samples
                labelOverride:
                    fixedValue: Python (SDK)
                blocking: false
