speakeasyVersion: 1.606.5
sources:
    Meibel Gateway Service:
        sourceNamespace: meibel-gateway-service
        sourceRevisionDigest: sha256:fb794e81c2d19d0a9e875763eb500d7065ea068d4e82c17d8fee257cf9f75b72
        sourceBlobDigest: sha256:c2e638b1f3343332ab9c2c6a0388f7fd9a11f49024c29fa5d26609607660fd52
        tags:
            - latest
            - speakeasy-sdk-regen-1756149706
            - 0.2.0
targets:
    meibelai:
        source: Meibel Gateway Service
        sourceNamespace: meibel-gateway-service
        sourceRevisionDigest: sha256:fb794e81c2d19d0a9e875763eb500d7065ea068d4e82c17d8fee257cf9f75b72
        sourceBlobDigest: sha256:c2e638b1f3343332ab9c2c6a0388f7fd9a11f49024c29fa5d26609607660fd52
        codeSamplesNamespace: meibel-gateway-service-python-code-samples
        codeSamplesRevisionDigest: sha256:cf52a9906190baa69db47eb923293a5bd11f0a2f5c4c7aaf094cf504fa31151a
workflow:
    workflowVersion: 1.0.0
    speakeasyVersion: latest
    sources:
        Meibel Gateway Service:
            inputs:
                - location: https://storage.googleapis.com/meibel-api-docs/api.json
            overlays:
                - location: .speakeasy/speakeasy-modifications-overlay.yaml
            registry:
                location: registry.speakeasyapi.dev/meibel/console/meibel-gateway-service
    targets:
        meibelai:
            target: python
            source: Meibel Gateway Service
            codeSamples:
                registry:
                    location: registry.speakeasyapi.dev/meibel/console/meibel-gateway-service-python-code-samples
                labelOverride:
                    fixedValue: Python (SDK)
                blocking: false
